// !$*UTF8*$!
{
	archiveVersion = 1;
	classes = {
	};
	objectVersion = 50;
	objects = {

/* Begin PBXBuildFile section */
		C3F77A67F6FC92F337D0AFDF /* Pods_Bleep.framework in Frameworks */ = {isa = PBXBuildFile; fileRef = 7F730C98099FEAC57710E978 /* Pods_Bleep.framework */; };
		F7BF9ADA25F260EF006910C4 /* beep.mp3 in Resources */ = {isa = PBXBuildFile; fileRef = F7BF9AD925F260EE006910C4 /* beep.mp3 */; };
		F7C9FD8A25F2487700DFC3A3 /* AppDelegate.swift in Sources */ = {isa = PBXBuildFile; fileRef = F7C9FD8925F2487700DFC3A3 /* AppDelegate.swift */; };
		F7C9FD8C25F2487700DFC3A3 /* SceneDelegate.swift in Sources */ = {isa = PBXBuildFile; fileRef = F7C9FD8B25F2487700DFC3A3 /* SceneDelegate.swift */; };
		F7C9FD8E25F2487700DFC3A3 /* ViewController.swift in Sources */ = {isa = PBXBuildFile; fileRef = F7C9FD8D25F2487700DFC3A3 /* ViewController.swift */; };
		F7C9FD9125F2487700DFC3A3 /* Main.storyboard in Resources */ = {isa = PBXBuildFile; fileRef = F7C9FD8F25F2487700DFC3A3 /* Main.storyboard */; };
		F7C9FD9325F2487B00DFC3A3 /* Assets.xcassets in Resources */ = {isa = PBXBuildFile; fileRef = F7C9FD9225F2487B00DFC3A3 /* Assets.xcassets */; };
		F7C9FD9625F2487B00DFC3A3 /* LaunchScreen.storyboard in Resources */ = {isa = PBXBuildFile; fileRef = F7C9FD9425F2487B00DFC3A3 /* LaunchScreen.storyboard */; };
/* End PBXBuildFile section */

/* Begin PBXFileReference section */
		21F8AD7A31516340744F6628 /* Pods-Bleep.release.xcconfig */ = {isa = PBXFileReference; includeInIndex = 1; lastKnownFileType = text.xcconfig; name = "Pods-Bleep.release.xcconfig"; path = "Target Support Files/Pods-Bleep/Pods-Bleep.release.xcconfig"; sourceTree = "<group>"; };
		7F730C98099FEAC57710E978 /* Pods_Bleep.framework */ = {isa = PBXFileReference; explicitFileType = wrapper.framework; includeInIndex = 0; path = Pods_Bleep.framework; sourceTree = BUILT_PRODUCTS_DIR; };
		D0B2F1EC1FFEBA5DCB835CFF /* Pods-Bleep.debug.xcconfig */ = {isa = PBXFileReference; includeInIndex = 1; lastKnownFileType = text.xcconfig; name = "Pods-Bleep.debug.xcconfig"; path = "Target Support Files/Pods-Bleep/Pods-Bleep.debug.xcconfig"; sourceTree = "<group>"; };
		F7BF9AD925F260EE006910C4 /* beep.mp3 */ = {isa = PBXFileReference; lastKnownFileType = audio.mp3; path = beep.mp3; sourceTree = "<group>"; };
		F7C9FD8625F2487700DFC3A3 /* Bleep.app */ = {isa = PBXFileReference; explicitFileType = wrapper.application; includeInIndex = 0; path = Bleep.app; sourceTree = BUILT_PRODUCTS_DIR; };
		F7C9FD8925F2487700DFC3A3 /* AppDelegate.swift */ = {isa = PBXFileReference; lastKnownFileType = sourcecode.swift; path = AppDelegate.swift; sourceTree = "<group>"; };
		F7C9FD8B25F2487700DFC3A3 /* SceneDelegate.swift */ = {isa = PBXFileReference; lastKnownFileType = sourcecode.swift; path = SceneDelegate.swift; sourceTree = "<group>"; };
		F7C9FD8D25F2487700DFC3A3 /* ViewController.swift */ = {isa = PBXFileReference; lastKnownFileType = sourcecode.swift; path = ViewController.swift; sourceTree = "<group>"; };
		F7C9FD9025F2487700DFC3A3 /* Base */ = {isa = PBXFileReference; lastKnownFileType = file.storyboard; name = Base; path = Base.lproj/Main.storyboard; sourceTree = "<group>"; };
		F7C9FD9225F2487B00DFC3A3 /* Assets.xcassets */ = {isa = PBXFileReference; lastKnownFileType = folder.assetcatalog; path = Assets.xcassets; sourceTree = "<group>"; };
		F7C9FD9525F2487B00DFC3A3 /* Base */ = {isa = PBXFileReference; lastKnownFileType = file.storyboard; name = Base; path = Base.lproj/LaunchScreen.storyboard; sourceTree = "<group>"; };
		F7C9FD9725F2487B00DFC3A3 /* Info.plist */ = {isa = PBXFileReference; lastKnownFileType = text.plist.xml; path = Info.plist; sourceTree = "<group>"; };
/* End PBXFileReference section */

/* Begin PBXFrameworksBuildPhase section */
		F7C9FD8325F2487700DFC3A3 /* Frameworks */ = {
			isa = PBXFrameworksBuildPhase;
			buildActionMask = 2147483647;
			files = (
				C3F77A67F6FC92F337D0AFDF /* Pods_Bleep.framework in Frameworks */,
			);
			runOnlyForDeploymentPostprocessing = 0;
		};
/* End PBXFrameworksBuildPhase section */

/* Begin PBXGroup section */
		2602D83515E7E67A4492333A /* Frameworks */ = {
			isa = PBXGroup;
			children = (
				7F730C98099FEAC57710E978 /* Pods_Bleep.framework */,
			);
			name = Frameworks;
			sourceTree = "<group>";
		};
		B81C80A86FC1D95A6FB98BBE /* Pods */ = {
			isa = PBXGroup;
			children = (
				D0B2F1EC1FFEBA5DCB835CFF /* Pods-Bleep.debug.xcconfig */,
				21F8AD7A31516340744F6628 /* Pods-Bleep.release.xcconfig */,
			);
			name = Pods;
			path = Pods;
			sourceTree = "<group>";
		};
		F7BF9AD525F26028006910C4 /* Sound */ = {
			isa = PBXGroup;
			children = (
				F7BF9AD925F260EE006910C4 /* beep.mp3 */,
			);
			path = Sound;
			sourceTree = "<group>";
		};
		F7C9FD7D25F2487700DFC3A3 = {
			isa = PBXGroup;
			children = (
				F7C9FD8825F2487700DFC3A3 /* Bleep */,
				F7C9FD8725F2487700DFC3A3 /* Products */,
				B81C80A86FC1D95A6FB98BBE /* Pods */,
				2602D83515E7E67A4492333A /* Frameworks */,
			);
			sourceTree = "<group>";
		};
		F7C9FD8725F2487700DFC3A3 /* Products */ = {
			isa = PBXGroup;
			children = (
				F7C9FD8625F2487700DFC3A3 /* Bleep.app */,
			);
			name = Products;
			sourceTree = "<group>";
		};
		F7C9FD8825F2487700DFC3A3 /* Bleep */ = {
			isa = PBXGroup;
			children = (
				F7BF9AD525F26028006910C4 /* Sound */,
				F7C9FD8925F2487700DFC3A3 /* AppDelegate.swift */,
				F7C9FD8B25F2487700DFC3A3 /* SceneDelegate.swift */,
				F7C9FD8D25F2487700DFC3A3 /* ViewController.swift */,
				F7C9FD8F25F2487700DFC3A3 /* Main.storyboard */,
				F7C9FD9225F2487B00DFC3A3 /* Assets.xcassets */,
				F7C9FD9425F2487B00DFC3A3 /* LaunchScreen.storyboard */,
				F7C9FD9725F2487B00DFC3A3 /* Info.plist */,
			);
			path = Bleep;
			sourceTree = "<group>";
		};
/* End PBXGroup section */

/* Begin PBXNativeTarget section */
		F7C9FD8525F2487700DFC3A3 /* Bleep */ = {
			isa = PBXNativeTarget;
			buildConfigurationList = F7C9FD9A25F2487B00DFC3A3 /* Build configuration list for PBXNativeTarget "Bleep" */;
			buildPhases = (
				D865E6FF7ECC5209C0457AE5 /* [CP] Check Pods Manifest.lock */,
				F7C9FD8225F2487700DFC3A3 /* Sources */,
				F7C9FD8325F2487700DFC3A3 /* Frameworks */,
				F7C9FD8425F2487700DFC3A3 /* Resources */,
				F61F8B74114DF1BC06DF9623 /* [CP] Embed Pods Frameworks */,
			);
			buildRules = (
			);
			dependencies = (
			);
			name = Bleep;
			productName = Bleep;
			productReference = F7C9FD8625F2487700DFC3A3 /* Bleep.app */;
			productType = "com.apple.product-type.application";
		};
/* End PBXNativeTarget section */

/* Begin PBXProject section */
		F7C9FD7E25F2487700DFC3A3 /* Project object */ = {
			isa = PBXProject;
			attributes = {
				LastSwiftUpdateCheck = 1240;
				LastUpgradeCheck = 1240;
				TargetAttributes = {
					F7C9FD8525F2487700DFC3A3 = {
						CreatedOnToolsVersion = 12.4;
					};
				};
			};
			buildConfigurationList = F7C9FD8125F2487700DFC3A3 /* Build configuration list for PBXProject "Bleep" */;
			compatibilityVersion = "Xcode 9.3";
			developmentRegion = en;
			hasScannedForEncodings = 0;
			knownRegions = (
				en,
				Base,
			);
			mainGroup = F7C9FD7D25F2487700DFC3A3;
			productRefGroup = F7C9FD8725F2487700DFC3A3 /* Products */;
			projectDirPath = "";
			projectRoot = "";
			targets = (
				F7C9FD8525F2487700DFC3A3 /* Bleep */,
			);
		};
/* End PBXProject section */

/* Begin PBXResourcesBuildPhase section */
		F7C9FD8425F2487700DFC3A3 /* Resources */ = {
			isa = PBXResourcesBuildPhase;
			buildActionMask = 2147483647;
			files = (
				F7C9FD9625F2487B00DFC3A3 /* LaunchScreen.storyboard in Resources */,
				F7C9FD9325F2487B00DFC3A3 /* Assets.xcassets in Resources */,
				F7BF9ADA25F260EF006910C4 /* beep.mp3 in Resources */,
				F7C9FD9125F2487700DFC3A3 /* Main.storyboard in Resources */,
			);
			runOnlyForDeploymentPostprocessing = 0;
		};
/* End PBXResourcesBuildPhase section */

/* Begin PBXShellScriptBuildPhase section */
		D865E6FF7ECC5209C0457AE5 /* [CP] Check Pods Manifest.lock */ = {
			isa = PBXShellScriptBuildPhase;
			buildActionMask = 2147483647;
			files = (
			);
			inputFileListPaths = (
			);
			inputPaths = (
				"${PODS_PODFILE_DIR_PATH}/Podfile.lock",
				"${PODS_ROOT}/Manifest.lock",
			);
			name = "[CP] Check Pods Manifest.lock";
			outputFileListPaths = (
			);
			outputPaths = (
				"$(DERIVED_FILE_DIR)/Pods-Bleep-checkManifestLockResult.txt",
			);
			runOnlyForDeploymentPostprocessing = 0;
			shellPath = /bin/sh;
			shellScript = "diff \"${PODS_PODFILE_DIR_PATH}/Podfile.lock\" \"${PODS_ROOT}/Manifest.lock\" > /dev/null\nif [ $? != 0 ] ; then\n    # print error to STDERR\n    echo \"error: The sandbox is not in sync with the Podfile.lock. Run 'pod install' or update your CocoaPods installation.\" >&2\n    exit 1\nfi\n# This output is used by Xcode 'outputs' to avoid re-running this script phase.\necho \"SUCCESS\" > \"${SCRIPT_OUTPUT_FILE_0}\"\n";
			showEnvVarsInLog = 0;
		};
		F61F8B74114DF1BC06DF9623 /* [CP] Embed Pods Frameworks */ = {
			isa = PBXShellScriptBuildPhase;
			buildActionMask = 2147483647;
			files = (
			);
			inputFileListPaths = (
				"${PODS_ROOT}/Target Support Files/Pods-Bleep/Pods-Bleep-frameworks-${CONFIGURATION}-input-files.xcfilelist",
			);
			name = "[CP] Embed Pods Frameworks";
			outputFileListPaths = (
				"${PODS_ROOT}/Target Support Files/Pods-Bleep/Pods-Bleep-frameworks-${CONFIGURATION}-output-files.xcfilelist",
			);
			runOnlyForDeploymentPostprocessing = 0;
			shellPath = /bin/sh;
			shellScript = "\"${PODS_ROOT}/Target Support Files/Pods-Bleep/Pods-Bleep-frameworks.sh\"\n";
			showEnvVarsInLog = 0;
		};
/* End PBXShellScriptBuildPhase section */

/* Begin PBXSourcesBuildPhase section */
		F7C9FD8225F2487700DFC3A3 /* Sources */ = {
			isa = PBXSourcesBuildPhase;
			buildActionMask = 2147483647;
			files = (
				F7C9FD8E25F2487700DFC3A3 /* ViewController.swift in Sources */,
				F7C9FD8A25F2487700DFC3A3 /* AppDelegate.swift in Sources */,
				F7C9FD8C25F2487700DFC3A3 /* SceneDelegate.swift in Sources */,
			);
			runOnlyForDeploymentPostprocessing = 0;
		};
/* End PBXSourcesBuildPhase section */

/* Begin PBXVariantGroup section */
		F7C9FD8F25F2487700DFC3A3 /* Main.storyboard */ = {
			isa = PBXVariantGroup;
			children = (
				F7C9FD9025F2487700DFC3A3 /* Base */,
			);
			name = Main.storyboard;
			sourceTree = "<group>";
		};
		F7C9FD9425F2487B00DFC3A3 /* LaunchScreen.storyboard */ = {
			isa = PBXVariantGroup;
			children = (
				F7C9FD9525F2487B00DFC3A3 /* Base */,
			);
			name = LaunchScreen.storyboard;
			sourceTree = "<group>";
		};
/* End PBXVariantGroup section */

/* Begin XCBuildConfiguration section */
		F7C9FD9825F2487B00DFC3A3 /* Debug */ = {
			isa = XCBuildConfiguration;
			buildSettings = {
				ALWAYS_SEARCH_USER_PATHS = NO;
				CLANG_ANALYZER_NONNULL = YES;
				CLANG_ANALYZER_NUMBER_OBJECT_CONVERSION = YES_AGGRESSIVE;
				CLANG_CXX_LANGUAGE_STANDARD = "gnu++14";
				CLANG_CXX_LIBRARY = "libc++";
				CLANG_ENABLE_MODULES = YES;
				CLANG_ENABLE_OBJC_ARC = YES;
				CLANG_ENABLE_OBJC_WEAK = YES;
				CLANG_WARN_BLOCK_CAPTURE_AUTORELEASING = YES;
				CLANG_WARN_BOOL_CONVERSION = YES;
				CLANG_WARN_COMMA = YES;
				CLANG_WARN_CONSTANT_CONVERSION = YES;
				CLANG_WARN_DEPRECATED_OBJC_IMPLEMENTATIONS = YES;
				CLANG_WARN_DIRECT_OBJC_ISA_USAGE = YES_ERROR;
				CLANG_WARN_DOCUMENTATION_COMMENTS = YES;
				CLANG_WARN_EMPTY_BODY = YES;
				CLANG_WARN_ENUM_CONVERSION = YES;
				CLANG_WARN_INFINITE_RECURSION = YES;
				CLANG_WARN_INT_CONVERSION = YES;
				CLANG_WARN_NON_LITERAL_NULL_CONVERSION = YES;
				CLANG_WARN_OBJC_IMPLICIT_RETAIN_SELF = YES;
				CLANG_WARN_OBJC_LITERAL_CONVERSION = YES;
				CLANG_WARN_OBJC_ROOT_CLASS = YES_ERROR;
				CLANG_WARN_QUOTED_INCLUDE_IN_FRAMEWORK_HEADER = YES;
				CLANG_WARN_RANGE_LOOP_ANALYSIS = YES;
				CLANG_WARN_STRICT_PROTOTYPES = YES;
				CLANG_WARN_SUSPICIOUS_MOVE = YES;
				CLANG_WARN_UNGUARDED_AVAILABILITY = YES_AGGRESSIVE;
				CLANG_WARN_UNREACHABLE_CODE = YES;
				CLANG_WARN__DUPLICATE_METHOD_MATCH = YES;
				COPY_PHASE_STRIP = NO;
				DEBUG_INFORMATION_FORMAT = dwarf;
				ENABLE_STRICT_OBJC_MSGSEND = YES;
				ENABLE_TESTABILITY = YES;
				GCC_C_LANGUAGE_STANDARD = gnu11;
				GCC_DYNAMIC_NO_PIC = NO;
				GCC_NO_COMMON_BLOCKS = YES;
				GCC_OPTIMIZATION_LEVEL = 0;
				GCC_PREPROCESSOR_DEFINITIONS = (
					"DEBUG=1",
					"$(inherited)",
				);
				GCC_WARN_64_TO_32_BIT_CONVERSION = YES;
				GCC_WARN_ABOUT_RETURN_TYPE = YES_ERROR;
				GCC_WARN_UNDECLARED_SELECTOR = YES;
				GCC_WARN_UNINITIALIZED_AUTOS = YES_AGGRESSIVE;
				GCC_WARN_UNUSED_FUNCTION = YES;
				GCC_WARN_UNUSED_VARIABLE = YES;
				IPHONEOS_DEPLOYMENT_TARGET = 14.4;
				MTL_ENABLE_DEBUG_INFO = INCLUDE_SOURCE;
				MTL_FAST_MATH = YES;
				ONLY_ACTIVE_ARCH = YES;
				SDKROOT = iphoneos;
				SWIFT_ACTIVE_COMPILATION_CONDITIONS = DEBUG;
				SWIFT_OPTIMIZATION_LEVEL = "-Onone";
			};
			name = Debug;
		};
		F7C9FD9925F2487B00DFC3A3 /* Release */ = {
			isa = XCBuildConfiguration;
			buildSettings = {
				ALWAYS_SEARCH_USER_PATHS = NO;
				CLANG_ANALYZER_NONNULL = YES;
				CLANG_ANALYZER_NUMBER_OBJECT_CONVERSION = YES_AGGRESSIVE;
				CLANG_CXX_LANGUAGE_STANDARD = "gnu++14";
				CLANG_CXX_LIBRARY = "libc++";
				CLANG_ENABLE_MODULES = YES;
				CLANG_ENABLE_OBJC_ARC = YES;
				CLANG_ENABLE_OBJC_WEAK = YES;
				CLANG_WARN_BLOCK_CAPTURE_AUTORELEASING = YES;
				CLANG_WARN_BOOL_CONVERSION = YES;
				CLANG_WARN_COMMA = YES;
				CLANG_WARN_CONSTANT_CONVERSION = YES;
				CLANG_WARN_DEPRECATED_OBJC_IMPLEMENTATIONS = YES;
				CLANG_WARN_DIRECT_OBJC_ISA_USAGE = YES_ERROR;
				CLANG_WARN_DOCUMENTATION_COMMENTS = YES;
				CLANG_WARN_EMPTY_BODY = YES;
				CLANG_WARN_ENUM_CONVERSION = YES;
				CLANG_WARN_INFINITE_RECURSION = YES;
				CLANG_WARN_INT_CONVERSION = YES;
				CLANG_WARN_NON_LITERAL_NULL_CONVERSION = YES;
				CLANG_WARN_OBJC_IMPLICIT_RETAIN_SELF = YES;
				CLANG_WARN_OBJC_LITERAL_CONVERSION = YES;
				CLANG_WARN_OBJC_ROOT_CLASS = YES_ERROR;
				CLANG_WARN_QUOTED_INCLUDE_IN_FRAMEWORK_HEADER = YES;
				CLANG_WARN_RANGE_LOOP_ANALYSIS = YES;
				CLANG_WARN_STRICT_PROTOTYPES = YES;
				CLANG_WARN_SUSPICIOUS_MOVE = YES;
				CLANG_WARN_UNGUARDED_AVAILABILITY = YES_AGGRESSIVE;
				CLANG_WARN_UNREACHABLE_CODE = YES;
				CLANG_WARN__DUPLICATE_METHOD_MATCH = YES;
				COPY_PHASE_STRIP = NO;
				DEBUG_INFORMATION_FORMAT = "dwarf-with-dsym";
				ENABLE_NS_ASSERTIONS = NO;
				ENABLE_STRICT_OBJC_MSGSEND = YES;
				GCC_C_LANGUAGE_STANDARD = gnu11;
				GCC_NO_COMMON_BLOCKS = YES;
				GCC_WARN_64_TO_32_BIT_CONVERSION = YES;
				GCC_WARN_ABOUT_RETURN_TYPE = YES_ERROR;
				GCC_WARN_UNDECLARED_SELECTOR = YES;
				GCC_WARN_UNINITIALIZED_AUTOS = YES_AGGRESSIVE;
				GCC_WARN_UNUSED_FUNCTION = YES;
				GCC_WARN_UNUSED_VARIABLE = YES;
				IPHONEOS_DEPLOYMENT_TARGET = 14.4;
				MTL_ENABLE_DEBUG_INFO = NO;
				MTL_FAST_MATH = YES;
				SDKROOT = iphoneos;
				SWIFT_COMPILATION_MODE = wholemodule;
				SWIFT_OPTIMIZATION_LEVEL = "-O";
				VALIDATE_PRODUCT = YES;
			};
			name = Release;
		};
		F7C9FD9B25F2487B00DFC3A3 /* Debug */ = {
			isa = XCBuildConfiguration;
			baseConfigurationReference = D0B2F1EC1FFEBA5DCB835CFF /* Pods-Bleep.debug.xcconfig */;
			buildSettings = {
				ASSETCATALOG_COMPILER_APPICON_NAME = AppIcon;
				ASSETCATALOG_COMPILER_GLOBAL_ACCENT_COLOR_NAME = AccentColor;
				CODE_SIGN_STYLE = Automatic;
				DEVELOPMENT_TEAM = G6G538D5VU;
				INFOPLIST_FILE = Bleep/Info.plist;
				LD_RUNPATH_SEARCH_PATHS = (
					"$(inherited)",
					"@executable_path/Frameworks",
				);
				PRODUCT_BUNDLE_IDENTIFIER = com.codebase.Bleep;
				PRODUCT_NAME = "$(TARGET_NAME)";
				SWIFT_VERSION = 5.0;
				TARGETED_DEVICE_FAMILY = "1,2";
			};
			name = Debug;
		};
		F7C9FD9C25F2487B00DFC3A3 /* Release */ = {
			isa = XCBuildConfiguration;
			baseConfigurationReference = 21F8AD7A31516340744F6628 /* Pods-Bleep.release.xcconfig */;
			buildSettings = {
				ASSETCATALOG_COMPILER_APPICON_NAME = AppIcon;
				ASSETCATALOG_COMPILER_GLOBAL_ACCENT_COLOR_NAME = AccentColor;
				CODE_SIGN_STYLE = Automatic;
				DEVELOPMENT_TEAM = G6G538D5VU;
				INFOPLIST_FILE = Bleep/Info.plist;
				LD_RUNPATH_SEARCH_PATHS = (
					"$(inherited)",
					"@executable_path/Frameworks",
				);
				PRODUCT_BUNDLE_IDENTIFIER = com.codebase.Bleep;
				PRODUCT_NAME = "$(TARGET_NAME)";
				SWIFT_VERSION = 5.0;
				TARGETED_DEVICE_FAMILY = "1,2";
			};
			name = Release;
		};
/* End XCBuildConfiguration section */

/* Begin XCConfigurationList section */
		F7C9FD8125F2487700DFC3A3 /* Build configuration list for PBXProject "Bleep" */ = {
			isa = XCConfigurationList;
			buildConfigurations = (
				F7C9FD9825F2487B00DFC3A3 /* Debug */,
				F7C9FD9925F2487B00DFC3A3 /* Release */,
			);
			defaultConfigurationIsVisible = 0;
			defaultConfigurationName = Release;
		};
		F7C9FD9A25F2487B00DFC3A3 /* Build configuration list for PBXNativeTarget "Bleep" */ = {
			isa = XCConfigurationList;
			buildConfigurations = (
				F7C9FD9B25F2487B00DFC3A3 /* Debug */,
				F7C9FD9C25F2487B00DFC3A3 /* Release */,
			);
			defaultConfigurationIsVisible = 0;
			defaultConfigurationName = Release;
		};
/* End XCConfigurationList section */
	};
	rootObject = F7C9FD7E25F2487700DFC3A3 /* Project object */;
}
